// !$*UTF8*$!
{
	archiveVersion = 1;
	classes = {
	};
	objectVersion = 50;
	objects = {

/* Begin PBXBuildFile section */
		AEF54B6F244EF715003A726D /* AppDelegate.swift in Sources */ = {isa = PBXBuildFile; fileRef = AEF54B6E244EF715003A726D /* AppDelegate.swift */; };
		AEF54B71244EF715003A726D /* ViewController.swift in Sources */ = {isa = PBXBuildFile; fileRef = AEF54B70244EF715003A726D /* ViewController.swift */; };
		AEF54B74244EF715003A726D /* Main.storyboard in Resources */ = {isa = PBXBuildFile; fileRef = AEF54B72244EF715003A726D /* Main.storyboard */; };
		AEF54B76244EF716003A726D /* Assets.xcassets in Resources */ = {isa = PBXBuildFile; fileRef = AEF54B75244EF716003A726D /* Assets.xcassets */; };
		AEF54B79244EF716003A726D /* LaunchScreen.storyboard in Resources */ = {isa = PBXBuildFile; fileRef = AEF54B77244EF716003A726D /* LaunchScreen.storyboard */; };
		AEF54B8B244F1539003A726D /* Sub2.storyboard in Resources */ = {isa = PBXBuildFile; fileRef = AEF54B8A244F1539003A726D /* Sub2.storyboard */; };
		AEF54B8F244F15C8003A726D /* Sub1.storyboard in Resources */ = {isa = PBXBuildFile; fileRef = AEF54B8E244F15C8003A726D /* Sub1.storyboard */; };
		AEF54B91244F1602003A726D /* Sub3.storyboard in Resources */ = {isa = PBXBuildFile; fileRef = AEF54B90244F1602003A726D /* Sub3.storyboard */; };
/* End PBXBuildFile section */

/* Begin PBXFileReference section */
		AEF54B6B244EF715003A726D /* OneDayOneAnswer.app */ = {isa = PBXFileReference; explicitFileType = wrapper.application; includeInIndex = 0; path = OneDayOneAnswer.app; sourceTree = BUILT_PRODUCTS_DIR; };
		AEF54B6E244EF715003A726D /* AppDelegate.swift */ = {isa = PBXFileReference; lastKnownFileType = sourcecode.swift; path = AppDelegate.swift; sourceTree = "<group>"; };
		AEF54B70244EF715003A726D /* ViewController.swift */ = {isa = PBXFileReference; lastKnownFileType = sourcecode.swift; path = ViewController.swift; sourceTree = "<group>"; };
		AEF54B73244EF715003A726D /* Base */ = {isa = PBXFileReference; lastKnownFileType = file.storyboard; name = Base; path = Base.lproj/Main.storyboard; sourceTree = "<group>"; };
		AEF54B75244EF716003A726D /* Assets.xcassets */ = {isa = PBXFileReference; lastKnownFileType = folder.assetcatalog; path = Assets.xcassets; sourceTree = "<group>"; };
		AEF54B78244EF716003A726D /* Base */ = {isa = PBXFileReference; lastKnownFileType = file.storyboard; name = Base; path = Base.lproj/LaunchScreen.storyboard; sourceTree = "<group>"; };
		AEF54B7A244EF716003A726D /* Info.plist */ = {isa = PBXFileReference; lastKnownFileType = text.plist.xml; path = Info.plist; sourceTree = "<group>"; };
		AEF54B8A244F1539003A726D /* Sub2.storyboard */ = {isa = PBXFileReference; lastKnownFileType = file.storyboard; path = Sub2.storyboard; sourceTree = "<group>"; };
		AEF54B8E244F15C8003A726D /* Sub1.storyboard */ = {isa = PBXFileReference; lastKnownFileType = file.storyboard; path = Sub1.storyboard; sourceTree = "<group>"; };
		AEF54B90244F1602003A726D /* Sub3.storyboard */ = {isa = PBXFileReference; lastKnownFileType = file.storyboard; path = Sub3.storyboard; sourceTree = "<group>"; };
/* End PBXFileReference section */

/* Begin PBXFrameworksBuildPhase section */
		AEF54B68244EF715003A726D /* Frameworks */ = {
			isa = PBXFrameworksBuildPhase;
			buildActionMask = 2147483647;
			files = (
			);
			runOnlyForDeploymentPostprocessing = 0;
		};
/* End PBXFrameworksBuildPhase section */

/* Begin PBXGroup section */
		AEF54B62244EF715003A726D = {
			isa = PBXGroup;
			children = (
				AEF54B6D244EF715003A726D /* OneDayOneAnswer */,
				AEF54B6C244EF715003A726D /* Products */,
			);
			sourceTree = "<group>";
		};
		AEF54B6C244EF715003A726D /* Products */ = {
			isa = PBXGroup;
			children = (
				AEF54B6B244EF715003A726D /* OneDayOneAnswer.app */,
			);
			name = Products;
			sourceTree = "<group>";
		};
		AEF54B6D244EF715003A726D /* OneDayOneAnswer */ = {
			isa = PBXGroup;
			children = (
				AEF54B6E244EF715003A726D /* AppDelegate.swift */,
				AEF54B70244EF715003A726D /* ViewController.swift */,
				AEF54B84244F0FE4003A726D /* Storyboard */,
				AEF54B75244EF716003A726D /* Assets.xcassets */,
				AEF54B77244EF716003A726D /* LaunchScreen.storyboard */,
				AEF54B7A244EF716003A726D /* Info.plist */,
			);
			path = OneDayOneAnswer;
			sourceTree = "<group>";
		};
		AEF54B84244F0FE4003A726D /* Storyboard */ = {
			isa = PBXGroup;
			children = (
				AEF54B72244EF715003A726D /* Main.storyboard */,
				AEF54B8E244F15C8003A726D /* Sub1.storyboard */,
				AEF54B8A244F1539003A726D /* Sub2.storyboard */,
				AEF54B90244F1602003A726D /* Sub3.storyboard */,
			);
			path = Storyboard;
			sourceTree = "<group>";
		};
/* End PBXGroup section */

/* Begin PBXNativeTarget section */
		AEF54B6A244EF715003A726D /* OneDayOneAnswer */ = {
			isa = PBXNativeTarget;
			buildConfigurationList = AEF54B7D244EF716003A726D /* Build configuration list for PBXNativeTarget "OneDayOneAnswer" */;
			buildPhases = (
				AEF54B67244EF715003A726D /* Sources */,
				AEF54B68244EF715003A726D /* Frameworks */,
				AEF54B69244EF715003A726D /* Resources */,
			);
			buildRules = (
			);
			dependencies = (
			);
			name = OneDayOneAnswer;
			productName = OneDayOneAnswer;
			productReference = AEF54B6B244EF715003A726D /* OneDayOneAnswer.app */;
			productType = "com.apple.product-type.application";
		};
/* End PBXNativeTarget section */

/* Begin PBXProject section */
		AEF54B63244EF715003A726D /* Project object */ = {
			isa = PBXProject;
			attributes = {
				LastSwiftUpdateCheck = 1020;
				LastUpgradeCheck = 1020;
				ORGANIZATIONNAME = JMJ;
				TargetAttributes = {
					AEF54B6A244EF715003A726D = {
						CreatedOnToolsVersion = 10.2.1;
					};
				};
			};
			buildConfigurationList = AEF54B66244EF715003A726D /* Build configuration list for PBXProject "OneDayOneAnswer" */;
			compatibilityVersion = "Xcode 9.3";
			developmentRegion = en;
			hasScannedForEncodings = 0;
			knownRegions = (
				en,
				Base,
			);
			mainGroup = AEF54B62244EF715003A726D;
			productRefGroup = AEF54B6C244EF715003A726D /* Products */;
			projectDirPath = "";
			projectRoot = "";
			targets = (
				AEF54B6A244EF715003A726D /* OneDayOneAnswer */,
			);
		};
/* End PBXProject section */

/* Begin PBXResourcesBuildPhase section */
		AEF54B69244EF715003A726D /* Resources */ = {
			isa = PBXResourcesBuildPhase;
			buildActionMask = 2147483647;
			files = (
				AEF54B79244EF716003A726D /* LaunchScreen.storyboard in Resources */,
				AEF54B76244EF716003A726D /* Assets.xcassets in Resources */,
				AEF54B8F244F15C8003A726D /* Sub1.storyboard in Resources */,
				AEF54B91244F1602003A726D /* Sub3.storyboard in Resources */,
				AEF54B74244EF715003A726D /* Main.storyboard in Resources */,
				AEF54B8B244F1539003A726D /* Sub2.storyboard in Resources */,
			);
			runOnlyForDeploymentPostprocessing = 0;
		};
/* End PBXResourcesBuildPhase section */

/* Begin PBXSourcesBuildPhase section */
		AEF54B67244EF715003A726D /* Sources */ = {
			isa = PBXSourcesBuildPhase;
			buildActionMask = 2147483647;
			files = (
				AEF54B71244EF715003A726D /* ViewController.swift in Sources */,
				AEF54B6F244EF715003A726D /* AppDelegate.swift in Sources */,
			);
			runOnlyForDeploymentPostprocessing = 0;
		};
/* End PBXSourcesBuildPhase section */

/* Begin PBXVariantGroup section */
		AEF54B72244EF715003A726D /* Main.storyboard */ = {
			isa = PBXVariantGroup;
			children = (
				AEF54B73244EF715003A726D /* Base */,
			);
			name = Main.storyboard;
			sourceTree = "<group>";
		};
		AEF54B77244EF716003A726D /* LaunchScreen.storyboard */ = {
			isa = PBXVariantGroup;
			children = (
				AEF54B78244EF716003A726D /* Base */,
			);
			name = LaunchScreen.storyboard;
			sourceTree = "<group>";
		};
/* End PBXVariantGroup section */

/* Begin XCBuildConfiguration section */
		AEF54B7B244EF716003A726D /* Debug */ = {
			isa = XCBuildConfiguration;
			buildSettings = {
				ALWAYS_SEARCH_USER_PATHS = NO;
				CLANG_ANALYZER_NONNULL = YES;
				CLANG_ANALYZER_NUMBER_OBJECT_CONVERSION = YES_AGGRESSIVE;
				CLANG_CXX_LANGUAGE_STANDARD = "gnu++14";
				CLANG_CXX_LIBRARY = "libc++";
				CLANG_ENABLE_MODULES = YES;
				CLANG_ENABLE_OBJC_ARC = YES;
				CLANG_ENABLE_OBJC_WEAK = YES;
				CLANG_WARN_BLOCK_CAPTURE_AUTORELEASING = YES;
				CLANG_WARN_BOOL_CONVERSION = YES;
				CLANG_WARN_COMMA = YES;
				CLANG_WARN_CONSTANT_CONVERSION = YES;
				CLANG_WARN_DEPRECATED_OBJC_IMPLEMENTATIONS = YES;
				CLANG_WARN_DIRECT_OBJC_ISA_USAGE = YES_ERROR;
				CLANG_WARN_DOCUMENTATION_COMMENTS = YES;
				CLANG_WARN_EMPTY_BODY = YES;
				CLANG_WARN_ENUM_CONVERSION = YES;
				CLANG_WARN_INFINITE_RECURSION = YES;
				CLANG_WARN_INT_CONVERSION = YES;
				CLANG_WARN_NON_LITERAL_NULL_CONVERSION = YES;
				CLANG_WARN_OBJC_IMPLICIT_RETAIN_SELF = YES;
				CLANG_WARN_OBJC_LITERAL_CONVERSION = YES;
				CLANG_WARN_OBJC_ROOT_CLASS = YES_ERROR;
				CLANG_WARN_RANGE_LOOP_ANALYSIS = YES;
				CLANG_WARN_STRICT_PROTOTYPES = YES;
				CLANG_WARN_SUSPICIOUS_MOVE = YES;
				CLANG_WARN_UNGUARDED_AVAILABILITY = YES_AGGRESSIVE;
				CLANG_WARN_UNREACHABLE_CODE = YES;
				CLANG_WARN__DUPLICATE_METHOD_MATCH = YES;
				CODE_SIGN_IDENTITY = "iPhone Developer";
				COPY_PHASE_STRIP = NO;
				DEBUG_INFORMATION_FORMAT = dwarf;
				ENABLE_STRICT_OBJC_MSGSEND = YES;
				ENABLE_TESTABILITY = YES;
				GCC_C_LANGUAGE_STANDARD = gnu11;
				GCC_DYNAMIC_NO_PIC = NO;
				GCC_NO_COMMON_BLOCKS = YES;
				GCC_OPTIMIZATION_LEVEL = 0;
				GCC_PREPROCESSOR_DEFINITIONS = (
					"DEBUG=1",
					"$(inherited)",
				);
				GCC_WARN_64_TO_32_BIT_CONVERSION = YES;
				GCC_WARN_ABOUT_RETURN_TYPE = YES_ERROR;
				GCC_WARN_UNDECLARED_SELECTOR = YES;
				GCC_WARN_UNINITIALIZED_AUTOS = YES_AGGRESSIVE;
				GCC_WARN_UNUSED_FUNCTION = YES;
				GCC_WARN_UNUSED_VARIABLE = YES;
				IPHONEOS_DEPLOYMENT_TARGET = 12.2;
				MTL_ENABLE_DEBUG_INFO = INCLUDE_SOURCE;
				MTL_FAST_MATH = YES;
				ONLY_ACTIVE_ARCH = YES;
				SDKROOT = iphoneos;
				SWIFT_ACTIVE_COMPILATION_CONDITIONS = DEBUG;
				SWIFT_OPTIMIZATION_LEVEL = "-Onone";
			};
			name = Debug;
		};
		AEF54B7C244EF716003A726D /* Release */ = {
			isa = XCBuildConfiguration;
			buildSettings = {
				ALWAYS_SEARCH_USER_PATHS = NO;
				CLANG_ANALYZER_NONNULL = YES;
				CLANG_ANALYZER_NUMBER_OBJECT_CONVERSION = YES_AGGRESSIVE;
				CLANG_CXX_LANGUAGE_STANDARD = "gnu++14";
				CLANG_CXX_LIBRARY = "libc++";
				CLANG_ENABLE_MODULES = YES;
				CLANG_ENABLE_OBJC_ARC = YES;
				CLANG_ENABLE_OBJC_WEAK = YES;
				CLANG_WARN_BLOCK_CAPTURE_AUTORELEASING = YES;
				CLANG_WARN_BOOL_CONVERSION = YES;
				CLANG_WARN_COMMA = YES;
				CLANG_WARN_CONSTANT_CONVERSION = YES;
				CLANG_WARN_DEPRECATED_OBJC_IMPLEMENTATIONS = YES;
				CLANG_WARN_DIRECT_OBJC_ISA_USAGE = YES_ERROR;
				CLANG_WARN_DOCUMENTATION_COMMENTS = YES;
				CLANG_WARN_EMPTY_BODY = YES;
				CLANG_WARN_ENUM_CONVERSION = YES;
				CLANG_WARN_INFINITE_RECURSION = YES;
				CLANG_WARN_INT_CONVERSION = YES;
				CLANG_WARN_NON_LITERAL_NULL_CONVERSION = YES;
				CLANG_WARN_OBJC_IMPLICIT_RETAIN_SELF = YES;
				CLANG_WARN_OBJC_LITERAL_CONVERSION = YES;
				CLANG_WARN_OBJC_ROOT_CLASS = YES_ERROR;
				CLANG_WARN_RANGE_LOOP_ANALYSIS = YES;
				CLANG_WARN_STRICT_PROTOTYPES = YES;
				CLANG_WARN_SUSPICIOUS_MOVE = YES;
				CLANG_WARN_UNGUARDED_AVAILABILITY = YES_AGGRESSIVE;
				CLANG_WARN_UNREACHABLE_CODE = YES;
				CLANG_WARN__DUPLICATE_METHOD_MATCH = YES;
				CODE_SIGN_IDENTITY = "iPhone Developer";
				COPY_PHASE_STRIP = NO;
				DEBUG_INFORMATION_FORMAT = "dwarf-with-dsym";
				ENABLE_NS_ASSERTIONS = NO;
				ENABLE_STRICT_OBJC_MSGSEND = YES;
				GCC_C_LANGUAGE_STANDARD = gnu11;
				GCC_NO_COMMON_BLOCKS = YES;
				GCC_WARN_64_TO_32_BIT_CONVERSION = YES;
				GCC_WARN_ABOUT_RETURN_TYPE = YES_ERROR;
				GCC_WARN_UNDECLARED_SELECTOR = YES;
				GCC_WARN_UNINITIALIZED_AUTOS = YES_AGGRESSIVE;
				GCC_WARN_UNUSED_FUNCTION = YES;
				GCC_WARN_UNUSED_VARIABLE = YES;
				IPHONEOS_DEPLOYMENT_TARGET = 12.2;
				MTL_ENABLE_DEBUG_INFO = NO;
				MTL_FAST_MATH = YES;
				SDKROOT = iphoneos;
				SWIFT_COMPILATION_MODE = wholemodule;
				SWIFT_OPTIMIZATION_LEVEL = "-O";
				VALIDATE_PRODUCT = YES;
			};
			name = Release;
		};
		AEF54B7E244EF716003A726D /* Debug */ = {
			isa = XCBuildConfiguration;
			buildSettings = {
				ASSETCATALOG_COMPILER_APPICON_NAME = AppIcon;
				CODE_SIGN_STYLE = Automatic;
				INFOPLIST_FILE = OneDayOneAnswer/Info.plist;
				LD_RUNPATH_SEARCH_PATHS = (
					"$(inherited)",
					"@executable_path/Frameworks",
				);
				PRODUCT_BUNDLE_IDENTIFIER = com.JMJ.OneDayOneAnswer;
				PRODUCT_NAME = "$(TARGET_NAME)";
				SWIFT_VERSION = 5.0;
				TARGETED_DEVICE_FAMILY = "1,2";
			};
			name = Debug;
		};
		AEF54B7F244EF716003A726D /* Release */ = {
			isa = XCBuildConfiguration;
			buildSettings = {
				ASSETCATALOG_COMPILER_APPICON_NAME = AppIcon;
				CODE_SIGN_STYLE = Automatic;
				INFOPLIST_FILE = OneDayOneAnswer/Info.plist;
				LD_RUNPATH_SEARCH_PATHS = (
					"$(inherited)",
					"@executable_path/Frameworks",
				);
				PRODUCT_BUNDLE_IDENTIFIER = com.JMJ.OneDayOneAnswer;
				PRODUCT_NAME = "$(TARGET_NAME)";
				SWIFT_VERSION = 5.0;
				TARGETED_DEVICE_FAMILY = "1,2";
			};
			name = Release;
		};
/* End XCBuildConfiguration section */

/* Begin XCConfigurationList section */
		AEF54B66244EF715003A726D /* Build configuration list for PBXProject "OneDayOneAnswer" */ = {
			isa = XCConfigurationList;
			buildConfigurations = (
				AEF54B7B244EF716003A726D /* Debug */,
				AEF54B7C244EF716003A726D /* Release */,
			);
			defaultConfigurationIsVisible = 0;
			defaultConfigurationName = Release;
		};
		AEF54B7D244EF716003A726D /* Build configuration list for PBXNativeTarget "OneDayOneAnswer" */ = {
			isa = XCConfigurationList;
			buildConfigurations = (
				AEF54B7E244EF716003A726D /* Debug */,
				AEF54B7F244EF716003A726D /* Release */,
			);
			defaultConfigurationIsVisible = 0;
			defaultConfigurationName = Release;
		};
/* End XCConfigurationList section */
	};
	rootObject = AEF54B63244EF715003A726D /* Project object */;
}
